
Microsoft Visual Studio Solution File, Format Version 12.00
# Visual Studio Version 17
VisualStudioVersion = 17.14.36705.20 d17.14
MinimumVisualStudioVersion = 10.0.40219.1
Project("{FAE04EC0-301F-11D3-BF4B-00C04F79EFBC}") = "AzureFunctions", "AzureFunctions\AzureFunctions.csproj", "{1F84E004-A134-4460-B5F8-A6EA4C3B63A2}"
EndProject
Global
	GlobalSection(SolutionConfigurationPlatforms) = preSolution
		Debug|Any CPU = Debug|Any CPU
		Release|Any CPU = Release|Any CPU
	EndGlobalSection
	GlobalSection(ProjectConfigurationPlatforms) = postSolution
		{1F84E004-A134-4460-B5F8-A6EA4C3B63A2}.Debug|Any CPU.ActiveCfg = Debug|Any CPU
		{1F84E004-A134-4460-B5F8-A6EA4C3B63A2}.Debug|Any CPU.Build.0 = Debug|Any CPU
		{1F84E004-A134-4460-B5F8-A6EA4C3B63A2}.Release|Any CPU.ActiveCfg = Release|Any CPU
		{1F84E004-A134-4460-B5F8-A6EA4C3B63A2}.Release|Any CPU.Build.0 = Release|Any CPU
	EndGlobalSection
	GlobalSection(SolutionProperties) = preSolution
		HideSolutionNode = FALSE
	EndGlobalSection
	GlobalSection(ExtensibilityGlobals) = postSolution
		SolutionGuid = {74BB1EBA-E73A-4648-8CD4-E7C3BC81CCF9}
	EndGlobalSection
EndGlobal
